
Microsoft Visual Studio Solution File, Format Version 12.00
# Visual Studio Version 16
VisualStudioVersion = 16.0.31729.503
MinimumVisualStudioVersion = 10.0.40219.1
Project("{FAE04EC0-301F-11D3-BF4B-00C04F79EFBC}") = "GDI", "GDI\GDI.csproj", "{6C59FA58-E151-4024-BCA9-0BF56297E42F}"
EndProject
Global
	GlobalSection(SolutionConfigurationPlatforms) = preSolution
		Debug|Any CPU = Debug|Any CPU
		Release|Any CPU = Release|Any CPU
	EndGlobalSection
	GlobalSection(ProjectConfigurationPlatforms) = postSolution
		{6C59FA58-E151-4024-BCA9-0BF56297E42F}.Debug|Any CPU.ActiveCfg = Debug|Any CPU
		{6C59FA58-E151-4024-BCA9-0BF56297E42F}.Debug|Any CPU.Build.0 = Debug|Any CPU
		{6C59FA58-E151-4024-BCA9-0BF56297E42F}.Release|Any CPU.ActiveCfg = Release|Any CPU
		{6C59FA58-E151-4024-BCA9-0BF56297E42F}.Release|Any CPU.Build.0 = Release|Any CPU
	EndGlobalSection
	GlobalSection(SolutionProperties) = preSolution
		HideSolutionNode = FALSE
	EndGlobalSection
	GlobalSection(ExtensibilityGlobals) = postSolution
		SolutionGuid = {AD472CF2-7B30-4B1C-A1A2-70A6F53AB6E5}
	EndGlobalSection
EndGlobal
